
Microsoft Visual Studio Solution File, Format Version 12.00
# Visual Studio 15
VisualStudioVersion = 15.0.28307.421
MinimumVisualStudioVersion = 10.0.40219.1
Project("{FAE04EC0-301F-11D3-BF4B-00C04F79EFBC}") = "MyFirstApp", "MyFirstApp\MyFirstApp.csproj", "{C1FD9327-7F82-4F6A-965E-D675D04F94A9}"
EndProject
Global
	GlobalSection(SolutionConfigurationPlatforms) = preSolution
		Debug|Any CPU = Debug|Any CPU
		Release|Any CPU = Release|Any CPU
	EndGlobalSection
	GlobalSection(ProjectConfigurationPlatforms) = postSolution
		{C1FD9327-7F82-4F6A-965E-D675D04F94A9}.Debug|Any CPU.ActiveCfg = Debug|Any CPU
		{C1FD9327-7F82-4F6A-965E-D675D04F94A9}.Debug|Any CPU.Build.0 = Debug|Any CPU
		{C1FD9327-7F82-4F6A-965E-D675D04F94A9}.Release|Any CPU.ActiveCfg = Release|Any CPU
		{C1FD9327-7F82-4F6A-965E-D675D04F94A9}.Release|Any CPU.Build.0 = Release|Any CPU
	EndGlobalSection
	GlobalSection(SolutionProperties) = preSolution
		HideSolutionNode = FALSE
	EndGlobalSection
	GlobalSection(ExtensibilityGlobals) = postSolution
		SolutionGuid = {52323A44-03B7-4006-A5ED-197CF823EAA6}
	EndGlobalSection
EndGlobal
